<?xml version="1.0" encoding="utf-8"?>
<Project ToolsVersion="4.0" xmlns="http://schemas.microsoft.com/developer/msbuild/2003">
  <ItemGroup>
    <Filter Include="Source Files">
      <UniqueIdentifier>{4FC737F1-C7A5-4376-A066-2A32D752A2FF}</UniqueIdentifier>
      <Extensions>cpp;c;cc;cxx;def;odl;idl;hpj;bat;asm;asmx</Extensions>
    </Filter>
    <Filter Include="Header Files">
      <UniqueIdentifier>{93995380-89BD-4b04-88EB-625FBE52EBFB}</UniqueIdentifier>
      <Extensions>h;hpp;hxx;hm;inl;inc;xsd</Extensions>
    </Filter>
    <Filter Include="Resource Files">
      <UniqueIdentifier>{67DA6AB6-F800-4c08-8B7A-83BB121AAD01}</UniqueIdentifier>
      <Extensions>rc;ico;cur;bmp;dlg;rc2;rct;bin;rgs;gif;jpg;jpeg;jpe;resx;tiff;tif;png;wav</Extensions>
    </Filter>
    <Filter Include="Source Files\kt">
      <UniqueIdentifier>{af6ebf4b-c6ac-4511-9016-8f64e504024e}</UniqueIdentifier>
    </Filter>
    <Filter Include="Source Files\kt\math">
      <UniqueIdentifier>{24c3f1f5-cf74-4832-99b6-bd3c3be2af9c}</UniqueIdentifier>
    </Filter>
    <Filter Include="Source Files\kt\app">
      <UniqueIdentifier>{57f6730c-4c5b-4d21-8b81-4119e9d76b09}</UniqueIdentifier>
    </Filter>
    <Filter Include="Source Files\kt\async">
      <UniqueIdentifier>{d52d6719-0903-48fa-9e51-1151e7ba3b76}</UniqueIdentifier>
    </Filter>
  </ItemGroup>
  <ItemGroup>
    <ClInclude Include="..\include\Resources.h">
      <Filter>Header Files</Filter>
    </ClInclude>
    <ClCompile Include="..\src\particle_render.cpp">
      <Filter>Source Files</Filter>
    </ClCompile>
    <ClCompile Include="..\src\cs_app.cpp">
      <Filter>Source Files</Filter>
    </ClCompile>
    <ClCompile Include="..\src\picker_3d.cpp">
      <Filter>Source Files</Filter>
    </ClCompile>
    <ClCompile Include="..\src\particle.cpp">
      <Filter>Source Files</Filter>
    </ClCompile>
    <ClInclude Include="..\src\settings.h">
      <Filter>Source Files</Filter>
    </ClInclude>
    <ClInclude Include="..\src\noise.h">
      <Filter>Source Files</Filter>
    </ClInclude>
    <ClInclude Include="..\src\kt\math\bezier.h">
      <Filter>Source Files\kt\math</Filter>
    </ClInclude>
    <ClInclude Include="..\src\kt\math\geometry.h">
      <Filter>Source Files\kt\math</Filter>
    </ClInclude>
    <ClInclude Include="..\src\kt\app\kt_app.h">
      <Filter>Source Files\kt\app</Filter>
    </ClInclude>
    <ClInclude Include="..\src\kt\app\kt_cns.h">
      <Filter>Source Files\kt\app</Filter>
    </ClInclude>
    <ClInclude Include="..\src\kt\app\kt_environment.h">
      <Filter>Source Files\kt\app</Filter>
    </ClInclude>
    <ClInclude Include="..\src\kt\app\kt_string.h">
      <Filter>Source Files\kt\app</Filter>
    </ClInclude>
    <ClInclude Include="..\src\kt\async\worker_thread.h">
      <Filter>Source Files\kt\async</Filter>
    </ClInclude>
    <ClInclude Include="..\src\generate.h">
      <Filter>Source Files</Filter>
    </ClInclude>
    <ClInclude Include="..\src\generator.h">
      <Filter>Source Files</Filter>
    </ClInclude>
  </ItemGroup>
  <ItemGroup>
    <ClInclude Include="..\include\Resources.h">
      <Filter>Header Files</Filter>
    </ClInclude>
    <ClInclude Include="..\src\particle_render.h">
      <Filter>Source Files</Filter>
    </ClInclude>
    <ClInclude Include="..\src\particle.h">
      <Filter>Source Files</Filter>
    </ClInclude>
    <ClInclude Include="..\src\particle_list.h">
      <Filter>Source Files</Filter>
    </ClInclude>
    <ClInclude Include="..\src\cs_app.h">
      <Filter>Source Files</Filter>
    </ClInclude>
    <ClInclude Include="..\src\picker_3d.h">
      <Filter>Source Files</Filter>
    </ClInclude>
  </ItemGroup>
  <ItemGroup>
    <ResourceCompile Include="Resources.rc">
      <Filter>Resource Files</Filter>
    </ResourceCompile>
  </ItemGroup>
  <ItemGroup>
    <ClCompile Include="..\src\noise.cpp">
      <Filter>Source Files</Filter>
    </ClCompile>
    <ClCompile Include="..\src\kt\math\bezier.cpp">
      <Filter>Source Files\kt\math</Filter>
    </ClCompile>
    <ClCompile Include="..\src\kt\math\geometry.cpp">
      <Filter>Source Files\kt\math</Filter>
    </ClCompile>
    <ClCompile Include="..\src\kt\app\kt_app.cpp">
      <Filter>Source Files\kt\app</Filter>
    </ClCompile>
    <ClCompile Include="..\src\kt\app\kt_environment.cpp">
      <Filter>Source Files\kt\app</Filter>
    </ClCompile>
    <ClCompile Include="..\src\kt\app\kt_string.cpp">
      <Filter>Source Files\kt\app</Filter>
    </ClCompile>
    <ClCompile Include="..\src\generate.cpp">
      <Filter>Source Files</Filter>
    </ClCompile>
    <ClCompile Include="..\src\generator.cpp">
      <Filter>Source Files</Filter>
    </ClCompile>
  </ItemGroup>
</Project>